
Microsoft Visual Studio Solution File, Format Version 12.00
# Visual Studio Version 16
VisualStudioVersion = 16.0.30503.244
MinimumVisualStudioVersion = 10.0.40219.1
Project("{FAE04EC0-301F-11D3-BF4B-00C04F79EFBC}") = "user4-1", "user4-1\user4-1.csproj", "{00B4FE12-A3D3-4F62-BE37-D62207F07F7F}"
EndProject
Global
	GlobalSection(SolutionConfigurationPlatforms) = preSolution
		Debug|Any CPU = Debug|Any CPU
		Release|Any CPU = Release|Any CPU
	EndGlobalSection
	GlobalSection(ProjectConfigurationPlatforms) = postSolution
		{00B4FE12-A3D3-4F62-BE37-D62207F07F7F}.Debug|Any CPU.ActiveCfg = Debug|Any CPU
		{00B4FE12-A3D3-4F62-BE37-D62207F07F7F}.Debug|Any CPU.Build.0 = Debug|Any CPU
		{00B4FE12-A3D3-4F62-BE37-D62207F07F7F}.Release|Any CPU.ActiveCfg = Release|Any CPU
		{00B4FE12-A3D3-4F62-BE37-D62207F07F7F}.Release|Any CPU.Build.0 = Release|Any CPU
	EndGlobalSection
	GlobalSection(SolutionProperties) = preSolution
		HideSolutionNode = FALSE
	EndGlobalSection
	GlobalSection(ExtensibilityGlobals) = postSolution
		SolutionGuid = {6817F89F-D32D-4F02-8FBC-86544DF9CD5C}
	EndGlobalSection
EndGlobal
